
Microsoft Visual Studio Solution File, Format Version 12.00
# Visual Studio Version 16
VisualStudioVersion = 16.0.30717.126
MinimumVisualStudioVersion = 10.0.40219.1
Project("{FAE04EC0-301F-11D3-BF4B-00C04F79EFBC}") = "CommentVotingApp_BS23_Wali", "CommentVotingApp_BS23_Wali\CommentVotingApp_BS23_Wali.csproj", "{8132E093-C4B0-42FE-BD9C-73337A9D5E92}"
EndProject
Global
	GlobalSection(SolutionConfigurationPlatforms) = preSolution
		Debug|Any CPU = Debug|Any CPU
		Release|Any CPU = Release|Any CPU
	EndGlobalSection
	GlobalSection(ProjectConfigurationPlatforms) = postSolution
		{8132E093-C4B0-42FE-BD9C-73337A9D5E92}.Debug|Any CPU.ActiveCfg = Debug|Any CPU
		{8132E093-C4B0-42FE-BD9C-73337A9D5E92}.Debug|Any CPU.Build.0 = Debug|Any CPU
		{8132E093-C4B0-42FE-BD9C-73337A9D5E92}.Release|Any CPU.ActiveCfg = Release|Any CPU
		{8132E093-C4B0-42FE-BD9C-73337A9D5E92}.Release|Any CPU.Build.0 = Release|Any CPU
	EndGlobalSection
	GlobalSection(SolutionProperties) = preSolution
		HideSolutionNode = FALSE
	EndGlobalSection
	GlobalSection(ExtensibilityGlobals) = postSolution
		SolutionGuid = {155D51EA-B011-4183-9006-E55FB63DC036}
	EndGlobalSection
EndGlobal
